
Microsoft Visual Studio Solution File, Format Version 12.00
# Visual Studio Version 17
VisualStudioVersion = 17.9.34728.123
MinimumVisualStudioVersion = 10.0.40219.1
Project("{FAE04EC0-301F-11D3-BF4B-00C04F79EFBC}") = "WinFormsApp1", "WinFormsApp1\WinFormsApp1.csproj", "{B049B72A-7A90-4E9E-B93C-4C7AF73162A3}"
EndProject
Global
	GlobalSection(SolutionConfigurationPlatforms) = preSolution
		Debug|Any CPU = Debug|Any CPU
		Release|Any CPU = Release|Any CPU
	EndGlobalSection
	GlobalSection(ProjectConfigurationPlatforms) = postSolution
		{B049B72A-7A90-4E9E-B93C-4C7AF73162A3}.Debug|Any CPU.ActiveCfg = Debug|Any CPU
		{B049B72A-7A90-4E9E-B93C-4C7AF73162A3}.Debug|Any CPU.Build.0 = Debug|Any CPU
		{B049B72A-7A90-4E9E-B93C-4C7AF73162A3}.Release|Any CPU.ActiveCfg = Release|Any CPU
		{B049B72A-7A90-4E9E-B93C-4C7AF73162A3}.Release|Any CPU.Build.0 = Release|Any CPU
	EndGlobalSection
	GlobalSection(SolutionProperties) = preSolution
		HideSolutionNode = FALSE
	EndGlobalSection
	GlobalSection(ExtensibilityGlobals) = postSolution
		SolutionGuid = {6263C848-A33A-44F6-922A-062C4493F5FC}
	EndGlobalSection
EndGlobal
